
Microsoft Visual Studio Solution File, Format Version 12.00
# Visual Studio Version 17
VisualStudioVersion = 17.11.35327.3
MinimumVisualStudioVersion = 10.0.40219.1
Project("{FAE04EC0-301F-11D3-BF4B-00C04F79EFBC}") = "RealTimeFaceRecognition", "RealTimeFaceRecognition\RealTimeFaceRecognition.csproj", "{E3A7F914-5D28-408D-99F0-603448D75FBA}"
EndProject
Global
	GlobalSection(SolutionConfigurationPlatforms) = preSolution
		Debug|Any CPU = Debug|Any CPU
		Release|Any CPU = Release|Any CPU
	EndGlobalSection
	GlobalSection(ProjectConfigurationPlatforms) = postSolution
		{E3A7F914-5D28-408D-99F0-603448D75FBA}.Debug|Any CPU.ActiveCfg = Debug|Any CPU
		{E3A7F914-5D28-408D-99F0-603448D75FBA}.Debug|Any CPU.Build.0 = Debug|Any CPU
		{E3A7F914-5D28-408D-99F0-603448D75FBA}.Release|Any CPU.ActiveCfg = Release|Any CPU
		{E3A7F914-5D28-408D-99F0-603448D75FBA}.Release|Any CPU.Build.0 = Release|Any CPU
	EndGlobalSection
	GlobalSection(SolutionProperties) = preSolution
		HideSolutionNode = FALSE
	EndGlobalSection
	GlobalSection(ExtensibilityGlobals) = postSolution
		SolutionGuid = {ED657DF6-09DF-4F2D-9B32-43AFA3BE2E07}
	EndGlobalSection
EndGlobal
