
Microsoft Visual Studio Solution File, Format Version 12.00
# Visual Studio Version 17
VisualStudioVersion = 17.11.35327.3
MinimumVisualStudioVersion = 10.0.40219.1
Project("{9A19103F-16F7-4668-BE54-9A1E7A4F7556}") = "BLL", "BLL\BLL.csproj", "{EB109412-012A-4A5F-B45C-2C9C3D9C4231}"
EndProject
Project("{9A19103F-16F7-4668-BE54-9A1E7A4F7556}") = "DAL", "DAL\DAL.csproj", "{126AD7B8-1E15-4A1B-B51C-B4827FD3E1DE}"
EndProject
Project("{9A19103F-16F7-4668-BE54-9A1E7A4F7556}") = "Models", "Models\Models.csproj", "{021C7CD3-0D1D-41FD-A92E-8BB5EEA546FA}"
EndProject
Project("{9A19103F-16F7-4668-BE54-9A1E7A4F7556}") = "FaceDetection", "FaceDetection\FaceDetection.csproj", "{8039DB43-81C8-49AB-AEFB-5ECD0170C115}"
EndProject
Project("{9A19103F-16F7-4668-BE54-9A1E7A4F7556}") = "Temp", "Temp\Temp.csproj", "{AF61700B-5B47-4CC8-A7D3-6CB38FE1574F}"
EndProject
Global
	GlobalSection(SolutionConfigurationPlatforms) = preSolution
		Debug|Any CPU = Debug|Any CPU
		Release|Any CPU = Release|Any CPU
	EndGlobalSection
	GlobalSection(ProjectConfigurationPlatforms) = postSolution
		{EB109412-012A-4A5F-B45C-2C9C3D9C4231}.Debug|Any CPU.ActiveCfg = Debug|Any CPU
		{EB109412-012A-4A5F-B45C-2C9C3D9C4231}.Debug|Any CPU.Build.0 = Debug|Any CPU
		{EB109412-012A-4A5F-B45C-2C9C3D9C4231}.Release|Any CPU.ActiveCfg = Release|Any CPU
		{EB109412-012A-4A5F-B45C-2C9C3D9C4231}.Release|Any CPU.Build.0 = Release|Any CPU
		{126AD7B8-1E15-4A1B-B51C-B4827FD3E1DE}.Debug|Any CPU.ActiveCfg = Debug|Any CPU
		{126AD7B8-1E15-4A1B-B51C-B4827FD3E1DE}.Debug|Any CPU.Build.0 = Debug|Any CPU
		{126AD7B8-1E15-4A1B-B51C-B4827FD3E1DE}.Release|Any CPU.ActiveCfg = Release|Any CPU
		{126AD7B8-1E15-4A1B-B51C-B4827FD3E1DE}.Release|Any CPU.Build.0 = Release|Any CPU
		{021C7CD3-0D1D-41FD-A92E-8BB5EEA546FA}.Debug|Any CPU.ActiveCfg = Debug|Any CPU
		{021C7CD3-0D1D-41FD-A92E-8BB5EEA546FA}.Debug|Any CPU.Build.0 = Debug|Any CPU
		{021C7CD3-0D1D-41FD-A92E-8BB5EEA546FA}.Release|Any CPU.ActiveCfg = Release|Any CPU
		{021C7CD3-0D1D-41FD-A92E-8BB5EEA546FA}.Release|Any CPU.Build.0 = Release|Any CPU
		{8039DB43-81C8-49AB-AEFB-5ECD0170C115}.Debug|Any CPU.ActiveCfg = Debug|Any CPU
		{8039DB43-81C8-49AB-AEFB-5ECD0170C115}.Debug|Any CPU.Build.0 = Debug|Any CPU
		{8039DB43-81C8-49AB-AEFB-5ECD0170C115}.Release|Any CPU.ActiveCfg = Release|Any CPU
		{8039DB43-81C8-49AB-AEFB-5ECD0170C115}.Release|Any CPU.Build.0 = Release|Any CPU
		{AF61700B-5B47-4CC8-A7D3-6CB38FE1574F}.Debug|Any CPU.ActiveCfg = Debug|Any CPU
		{AF61700B-5B47-4CC8-A7D3-6CB38FE1574F}.Debug|Any CPU.Build.0 = Debug|Any CPU
		{AF61700B-5B47-4CC8-A7D3-6CB38FE1574F}.Release|Any CPU.ActiveCfg = Release|Any CPU
		{AF61700B-5B47-4CC8-A7D3-6CB38FE1574F}.Release|Any CPU.Build.0 = Release|Any CPU
	EndGlobalSection
	GlobalSection(SolutionProperties) = preSolution
		HideSolutionNode = FALSE
	EndGlobalSection
	GlobalSection(ExtensibilityGlobals) = postSolution
		SolutionGuid = {ED657DF6-09DF-4F2D-9B32-43AFA3BE2E07}
	EndGlobalSection
EndGlobal
